
Microsoft Visual Studio Solution File, Format Version 12.00
# Visual Studio 15
VisualStudioVersion = 15.0.28010.2050
MinimumVisualStudioVersion = 10.0.40219.1
Project("{FAE04EC0-301F-11D3-BF4B-00C04F79EFBC}") = "Hogwarts", "Hogwarts\Hogwarts.csproj", "{697FB723-CED6-46DC-B14D-A63B29785491}"
EndProject
Global
	GlobalSection(SolutionConfigurationPlatforms) = preSolution
		Debug|Any CPU = Debug|Any CPU
		Release|Any CPU = Release|Any CPU
	EndGlobalSection
	GlobalSection(ProjectConfigurationPlatforms) = postSolution
		{697FB723-CED6-46DC-B14D-A63B29785491}.Debug|Any CPU.ActiveCfg = Debug|Any CPU
		{697FB723-CED6-46DC-B14D-A63B29785491}.Debug|Any CPU.Build.0 = Debug|Any CPU
		{697FB723-CED6-46DC-B14D-A63B29785491}.Release|Any CPU.ActiveCfg = Release|Any CPU
		{697FB723-CED6-46DC-B14D-A63B29785491}.Release|Any CPU.Build.0 = Release|Any CPU
	EndGlobalSection
	GlobalSection(SolutionProperties) = preSolution
		HideSolutionNode = FALSE
	EndGlobalSection
	GlobalSection(ExtensibilityGlobals) = postSolution
		SolutionGuid = {D1BF3EE8-C185-495B-BC8F-99C240C4D5B8}
	EndGlobalSection
EndGlobal
